# THIS IS AN AUTOGENERATED FILE. DO NOT EDIT THIS FILE DIRECTLY.
# yarn lockfile v1


solidity-parser-antlr@^0.4.11:
  version "0.4.11"
  resolved "https://registry.yarnpkg.com/solidity-parser-antlr/-/solidity-parser-antlr-0.4.11.tgz#af43e1f13b3b88309a875455f5d6e565b05ee5f1"
  integrity sha512-4jtxasNGmyC0midtjH/lTFPZYvTTUMy6agYcF+HoMnzW8+cqo3piFrINb4ZCzpPW+7tTVFCGa5ubP34zOzeuMg==
